// !$*UTF8*$!
{
	archiveVersion = 1;
	classes = {
	};
	objectVersion = 46;
	objects = {

/* Begin PBXBuildFile section */
		7BD7EB601EDEEFDE001D99C0 /* AppDelegate.swift in Sources */ = {isa = PBXBuildFile; fileRef = 7BD7EB5F1EDEEFDE001D99C0 /* AppDelegate.swift */; };
		7BD7EB651EDEEFDE001D99C0 /* Main.storyboard in Resources */ = {isa = PBXBuildFile; fileRef = 7BD7EB631EDEEFDE001D99C0 /* Main.storyboard */; };
		7BD7EB671EDEEFDE001D99C0 /* Assets.xcassets in Resources */ = {isa = PBXBuildFile; fileRef = 7BD7EB661EDEEFDE001D99C0 /* Assets.xcassets */; };
		7BD7EB6A1EDEEFDE001D99C0 /* LaunchScreen.storyboard in Resources */ = {isa = PBXBuildFile; fileRef = 7BD7EB681EDEEFDE001D99C0 /* LaunchScreen.storyboard */; };
		7BD7EB721EDEF05D001D99C0 /* FriendVC.swift in Sources */ = {isa = PBXBuildFile; fileRef = 7BD7EB711EDEF05D001D99C0 /* FriendVC.swift */; };
		7BD7EB761EE020FD001D99C0 /* fbMessanger.xcdatamodeld in Sources */ = {isa = PBXBuildFile; fileRef = 7BD7EB741EE020FD001D99C0 /* fbMessanger.xcdatamodeld */; };
		7BD7EB7D1EE022F3001D99C0 /* Friend+CoreDataClass.swift in Sources */ = {isa = PBXBuildFile; fileRef = 7BD7EB791EE022F3001D99C0 /* Friend+CoreDataClass.swift */; };
		7BD7EB7E1EE022F3001D99C0 /* Friend+CoreDataProperties.swift in Sources */ = {isa = PBXBuildFile; fileRef = 7BD7EB7A1EE022F3001D99C0 /* Friend+CoreDataProperties.swift */; };
		7BD7EB7F1EE022F3001D99C0 /* Message+CoreDataClass.swift in Sources */ = {isa = PBXBuildFile; fileRef = 7BD7EB7B1EE022F3001D99C0 /* Message+CoreDataClass.swift */; };
		7BD7EB801EE022F3001D99C0 /* Message+CoreDataProperties.swift in Sources */ = {isa = PBXBuildFile; fileRef = 7BD7EB7C1EE022F3001D99C0 /* Message+CoreDataProperties.swift */; };
/* End PBXBuildFile section */

/* Begin PBXFileReference section */
		7BD7EB5C1EDEEFDE001D99C0 /* fbMessanger.app */ = {isa = PBXFileReference; explicitFileType = wrapper.application; includeInIndex = 0; path = fbMessanger.app; sourceTree = BUILT_PRODUCTS_DIR; };
		7BD7EB5F1EDEEFDE001D99C0 /* AppDelegate.swift */ = {isa = PBXFileReference; lastKnownFileType = sourcecode.swift; path = AppDelegate.swift; sourceTree = "<group>"; };
		7BD7EB641EDEEFDE001D99C0 /* Base */ = {isa = PBXFileReference; lastKnownFileType = file.storyboard; name = Base; path = Base.lproj/Main.storyboard; sourceTree = "<group>"; };
		7BD7EB661EDEEFDE001D99C0 /* Assets.xcassets */ = {isa = PBXFileReference; lastKnownFileType = folder.assetcatalog; path = Assets.xcassets; sourceTree = "<group>"; };
		7BD7EB691EDEEFDE001D99C0 /* Base */ = {isa = PBXFileReference; lastKnownFileType = file.storyboard; name = Base; path = Base.lproj/LaunchScreen.storyboard; sourceTree = "<group>"; };
		7BD7EB6B1EDEEFDE001D99C0 /* Info.plist */ = {isa = PBXFileReference; lastKnownFileType = text.plist.xml; path = Info.plist; sourceTree = "<group>"; };
		7BD7EB711EDEF05D001D99C0 /* FriendVC.swift */ = {isa = PBXFileReference; fileEncoding = 4; lastKnownFileType = sourcecode.swift; path = FriendVC.swift; sourceTree = "<group>"; };
		7BD7EB751EE020FD001D99C0 /* fbMessanger.xcdatamodel */ = {isa = PBXFileReference; lastKnownFileType = wrapper.xcdatamodel; path = fbMessanger.xcdatamodel; sourceTree = "<group>"; };
		7BD7EB791EE022F3001D99C0 /* Friend+CoreDataClass.swift */ = {isa = PBXFileReference; fileEncoding = 4; lastKnownFileType = sourcecode.swift; path = "Friend+CoreDataClass.swift"; sourceTree = "<group>"; };
		7BD7EB7A1EE022F3001D99C0 /* Friend+CoreDataProperties.swift */ = {isa = PBXFileReference; fileEncoding = 4; lastKnownFileType = sourcecode.swift; path = "Friend+CoreDataProperties.swift"; sourceTree = "<group>"; };
		7BD7EB7B1EE022F3001D99C0 /* Message+CoreDataClass.swift */ = {isa = PBXFileReference; fileEncoding = 4; lastKnownFileType = sourcecode.swift; path = "Message+CoreDataClass.swift"; sourceTree = "<group>"; };
		7BD7EB7C1EE022F3001D99C0 /* Message+CoreDataProperties.swift */ = {isa = PBXFileReference; fileEncoding = 4; lastKnownFileType = sourcecode.swift; path = "Message+CoreDataProperties.swift"; sourceTree = "<group>"; };
/* End PBXFileReference section */

/* Begin PBXFrameworksBuildPhase section */
		7BD7EB591EDEEFDE001D99C0 /* Frameworks */ = {
			isa = PBXFrameworksBuildPhase;
			buildActionMask = 2147483647;
			files = (
			);
			runOnlyForDeploymentPostprocessing = 0;
		};
/* End PBXFrameworksBuildPhase section */

/* Begin PBXGroup section */
		7BD7EB531EDEEFDD001D99C0 = {
			isa = PBXGroup;
			children = (
				7BD7EB791EE022F3001D99C0 /* Friend+CoreDataClass.swift */,
				7BD7EB7A1EE022F3001D99C0 /* Friend+CoreDataProperties.swift */,
				7BD7EB7B1EE022F3001D99C0 /* Message+CoreDataClass.swift */,
				7BD7EB7C1EE022F3001D99C0 /* Message+CoreDataProperties.swift */,
				7BD7EB5E1EDEEFDE001D99C0 /* fbMessanger */,
				7BD7EB5D1EDEEFDE001D99C0 /* Products */,
			);
			sourceTree = "<group>";
		};
		7BD7EB5D1EDEEFDE001D99C0 /* Products */ = {
			isa = PBXGroup;
			children = (
				7BD7EB5C1EDEEFDE001D99C0 /* fbMessanger.app */,
			);
			name = Products;
			sourceTree = "<group>";
		};
		7BD7EB5E1EDEEFDE001D99C0 /* fbMessanger */ = {
			isa = PBXGroup;
			children = (
				7BD7EB5F1EDEEFDE001D99C0 /* AppDelegate.swift */,
				7BD7EB631EDEEFDE001D99C0 /* Main.storyboard */,
				7BD7EB711EDEF05D001D99C0 /* FriendVC.swift */,
				7BD7EB741EE020FD001D99C0 /* fbMessanger.xcdatamodeld */,
				7BD7EB661EDEEFDE001D99C0 /* Assets.xcassets */,
				7BD7EB681EDEEFDE001D99C0 /* LaunchScreen.storyboard */,
				7BD7EB6B1EDEEFDE001D99C0 /* Info.plist */,
			);
			path = fbMessanger;
			sourceTree = "<group>";
		};
/* End PBXGroup section */

/* Begin PBXNativeTarget section */
		7BD7EB5B1EDEEFDE001D99C0 /* fbMessanger */ = {
			isa = PBXNativeTarget;
			buildConfigurationList = 7BD7EB6E1EDEEFDE001D99C0 /* Build configuration list for PBXNativeTarget "fbMessanger" */;
			buildPhases = (
				7BD7EB581EDEEFDE001D99C0 /* Sources */,
				7BD7EB591EDEEFDE001D99C0 /* Frameworks */,
				7BD7EB5A1EDEEFDE001D99C0 /* Resources */,
			);
			buildRules = (
			);
			dependencies = (
			);
			name = fbMessanger;
			productName = fbMessanger;
			productReference = 7BD7EB5C1EDEEFDE001D99C0 /* fbMessanger.app */;
			productType = "com.apple.product-type.application";
		};
/* End PBXNativeTarget section */

/* Begin PBXProject section */
		7BD7EB541EDEEFDE001D99C0 /* Project object */ = {
			isa = PBXProject;
			attributes = {
				LastSwiftUpdateCheck = 0830;
				LastUpgradeCheck = 0830;
				ORGANIZATIONNAME = "진호놀이터";
				TargetAttributes = {
					7BD7EB5B1EDEEFDE001D99C0 = {
						CreatedOnToolsVersion = 8.3.2;
						DevelopmentTeam = SB46A3BWSY;
						ProvisioningStyle = Automatic;
					};
				};
			};
			buildConfigurationList = 7BD7EB571EDEEFDE001D99C0 /* Build configuration list for PBXProject "fbMessanger" */;
			compatibilityVersion = "Xcode 3.2";
			developmentRegion = English;
			hasScannedForEncodings = 0;
			knownRegions = (
				en,
				Base,
			);
			mainGroup = 7BD7EB531EDEEFDD001D99C0;
			productRefGroup = 7BD7EB5D1EDEEFDE001D99C0 /* Products */;
			projectDirPath = "";
			projectRoot = "";
			targets = (
				7BD7EB5B1EDEEFDE001D99C0 /* fbMessanger */,
			);
		};
/* End PBXProject section */

/* Begin PBXResourcesBuildPhase section */
		7BD7EB5A1EDEEFDE001D99C0 /* Resources */ = {
			isa = PBXResourcesBuildPhase;
			buildActionMask = 2147483647;
			files = (
				7BD7EB6A1EDEEFDE001D99C0 /* LaunchScreen.storyboard in Resources */,
				7BD7EB671EDEEFDE001D99C0 /* Assets.xcassets in Resources */,
				7BD7EB651EDEEFDE001D99C0 /* Main.storyboard in Resources */,
			);
			runOnlyForDeploymentPostprocessing = 0;
		};
/* End PBXResourcesBuildPhase section */

/* Begin PBXSourcesBuildPhase section */
		7BD7EB581EDEEFDE001D99C0 /* Sources */ = {
			isa = PBXSourcesBuildPhase;
			buildActionMask = 2147483647;
			files = (
				7BD7EB761EE020FD001D99C0 /* fbMessanger.xcdatamodeld in Sources */,
				7BD7EB7D1EE022F3001D99C0 /* Friend+CoreDataClass.swift in Sources */,
				7BD7EB7E1EE022F3001D99C0 /* Friend+CoreDataProperties.swift in Sources */,
				7BD7EB7F1EE022F3001D99C0 /* Message+CoreDataClass.swift in Sources */,
				7BD7EB801EE022F3001D99C0 /* Message+CoreDataProperties.swift in Sources */,
				7BD7EB721EDEF05D001D99C0 /* FriendVC.swift in Sources */,
				7BD7EB601EDEEFDE001D99C0 /* AppDelegate.swift in Sources */,
			);
			runOnlyForDeploymentPostprocessing = 0;
		};
/* End PBXSourcesBuildPhase section */

/* Begin PBXVariantGroup section */
		7BD7EB631EDEEFDE001D99C0 /* Main.storyboard */ = {
			isa = PBXVariantGroup;
			children = (
				7BD7EB641EDEEFDE001D99C0 /* Base */,
			);
			name = Main.storyboard;
			sourceTree = "<group>";
		};
		7BD7EB681EDEEFDE001D99C0 /* LaunchScreen.storyboard */ = {
			isa = PBXVariantGroup;
			children = (
				7BD7EB691EDEEFDE001D99C0 /* Base */,
			);
			name = LaunchScreen.storyboard;
			sourceTree = "<group>";
		};
/* End PBXVariantGroup section */

/* Begin XCBuildConfiguration section */
		7BD7EB6C1EDEEFDE001D99C0 /* Debug */ = {
			isa = XCBuildConfiguration;
			buildSettings = {
				ALWAYS_SEARCH_USER_PATHS = NO;
				CLANG_ANALYZER_NONNULL = YES;
				CLANG_ANALYZER_NUMBER_OBJECT_CONVERSION = YES_AGGRESSIVE;
				CLANG_CXX_LANGUAGE_STANDARD = "gnu++0x";
				CLANG_CXX_LIBRARY = "libc++";
				CLANG_ENABLE_MODULES = YES;
				CLANG_ENABLE_OBJC_ARC = YES;
				CLANG_WARN_BOOL_CONVERSION = YES;
				CLANG_WARN_CONSTANT_CONVERSION = YES;
				CLANG_WARN_DIRECT_OBJC_ISA_USAGE = YES_ERROR;
				CLANG_WARN_DOCUMENTATION_COMMENTS = YES;
				CLANG_WARN_EMPTY_BODY = YES;
				CLANG_WARN_ENUM_CONVERSION = YES;
				CLANG_WARN_INFINITE_RECURSION = YES;
				CLANG_WARN_INT_CONVERSION = YES;
				CLANG_WARN_OBJC_ROOT_CLASS = YES_ERROR;
				CLANG_WARN_SUSPICIOUS_MOVE = YES;
				CLANG_WARN_UNREACHABLE_CODE = YES;
				CLANG_WARN__DUPLICATE_METHOD_MATCH = YES;
				"CODE_SIGN_IDENTITY[sdk=iphoneos*]" = "iPhone Developer";
				COPY_PHASE_STRIP = NO;
				DEBUG_INFORMATION_FORMAT = dwarf;
				ENABLE_STRICT_OBJC_MSGSEND = YES;
				ENABLE_TESTABILITY = YES;
				GCC_C_LANGUAGE_STANDARD = gnu99;
				GCC_DYNAMIC_NO_PIC = NO;
				GCC_NO_COMMON_BLOCKS = YES;
				GCC_OPTIMIZATION_LEVEL = 0;
				GCC_PREPROCESSOR_DEFINITIONS = (
					"DEBUG=1",
					"$(inherited)",
				);
				GCC_WARN_64_TO_32_BIT_CONVERSION = YES;
				GCC_WARN_ABOUT_RETURN_TYPE = YES_ERROR;
				GCC_WARN_UNDECLARED_SELECTOR = YES;
				GCC_WARN_UNINITIALIZED_AUTOS = YES_AGGRESSIVE;
				GCC_WARN_UNUSED_FUNCTION = YES;
				GCC_WARN_UNUSED_VARIABLE = YES;
				IPHONEOS_DEPLOYMENT_TARGET = 10.3;
				MTL_ENABLE_DEBUG_INFO = YES;
				ONLY_ACTIVE_ARCH = YES;
				SDKROOT = iphoneos;
				SWIFT_ACTIVE_COMPILATION_CONDITIONS = DEBUG;
				SWIFT_OPTIMIZATION_LEVEL = "-Onone";
			};
			name = Debug;
		};
		7BD7EB6D1EDEEFDE001D99C0 /* Release */ = {
			isa = XCBuildConfiguration;
			buildSettings = {
				ALWAYS_SEARCH_USER_PATHS = NO;
				CLANG_ANALYZER_NONNULL = YES;
				CLANG_ANALYZER_NUMBER_OBJECT_CONVERSION = YES_AGGRESSIVE;
				CLANG_CXX_LANGUAGE_STANDARD = "gnu++0x";
				CLANG_CXX_LIBRARY = "libc++";
				CLANG_ENABLE_MODULES = YES;
				CLANG_ENABLE_OBJC_ARC = YES;
				CLANG_WARN_BOOL_CONVERSION = YES;
				CLANG_WARN_CONSTANT_CONVERSION = YES;
				CLANG_WARN_DIRECT_OBJC_ISA_USAGE = YES_ERROR;
				CLANG_WARN_DOCUMENTATION_COMMENTS = YES;
				CLANG_WARN_EMPTY_BODY = YES;
				CLANG_WARN_ENUM_CONVERSION = YES;
				CLANG_WARN_INFINITE_RECURSION = YES;
				CLANG_WARN_INT_CONVERSION = YES;
				CLANG_WARN_OBJC_ROOT_CLASS = YES_ERROR;
				CLANG_WARN_SUSPICIOUS_MOVE = YES;
				CLANG_WARN_UNREACHABLE_CODE = YES;
				CLANG_WARN__DUPLICATE_METHOD_MATCH = YES;
				"CODE_SIGN_IDENTITY[sdk=iphoneos*]" = "iPhone Developer";
				COPY_PHASE_STRIP = NO;
				DEBUG_INFORMATION_FORMAT = "dwarf-with-dsym";
				ENABLE_NS_ASSERTIONS = NO;
				ENABLE_STRICT_OBJC_MSGSEND = YES;
				GCC_C_LANGUAGE_STANDARD = gnu99;
				GCC_NO_COMMON_BLOCKS = YES;
				GCC_WARN_64_TO_32_BIT_CONVERSION = YES;
				GCC_WARN_ABOUT_RETURN_TYPE = YES_ERROR;
				GCC_WARN_UNDECLARED_SELECTOR = YES;
				GCC_WARN_UNINITIALIZED_AUTOS = YES_AGGRESSIVE;
				GCC_WARN_UNUSED_FUNCTION = YES;
				GCC_WARN_UNUSED_VARIABLE = YES;
				IPHONEOS_DEPLOYMENT_TARGET = 10.3;
				MTL_ENABLE_DEBUG_INFO = NO;
				SDKROOT = iphoneos;
				SWIFT_OPTIMIZATION_LEVEL = "-Owholemodule";
				VALIDATE_PRODUCT = YES;
			};
			name = Release;
		};
		7BD7EB6F1EDEEFDE001D99C0 /* Debug */ = {
			isa = XCBuildConfiguration;
			buildSettings = {
				ASSETCATALOG_COMPILER_APPICON_NAME = AppIcon;
				DEVELOPMENT_TEAM = SB46A3BWSY;
				INFOPLIST_FILE = fbMessanger/Info.plist;
				LD_RUNPATH_SEARCH_PATHS = "$(inherited) @executable_path/Frameworks";
				PRODUCT_BUNDLE_IDENTIFIER = com.swiftExample.fbMessanger;
				PRODUCT_NAME = "$(TARGET_NAME)";
				SWIFT_VERSION = 3.0;
			};
			name = Debug;
		};
		7BD7EB701EDEEFDE001D99C0 /* Release */ = {
			isa = XCBuildConfiguration;
			buildSettings = {
				ASSETCATALOG_COMPILER_APPICON_NAME = AppIcon;
				DEVELOPMENT_TEAM = SB46A3BWSY;
				INFOPLIST_FILE = fbMessanger/Info.plist;
				LD_RUNPATH_SEARCH_PATHS = "$(inherited) @executable_path/Frameworks";
				PRODUCT_BUNDLE_IDENTIFIER = com.swiftExample.fbMessanger;
				PRODUCT_NAME = "$(TARGET_NAME)";
				SWIFT_VERSION = 3.0;
			};
			name = Release;
		};
/* End XCBuildConfiguration section */

/* Begin XCConfigurationList section */
		7BD7EB571EDEEFDE001D99C0 /* Build configuration list for PBXProject "fbMessanger" */ = {
			isa = XCConfigurationList;
			buildConfigurations = (
				7BD7EB6C1EDEEFDE001D99C0 /* Debug */,
				7BD7EB6D1EDEEFDE001D99C0 /* Release */,
			);
			defaultConfigurationIsVisible = 0;
			defaultConfigurationName = Release;
		};
		7BD7EB6E1EDEEFDE001D99C0 /* Build configuration list for PBXNativeTarget "fbMessanger" */ = {
			isa = XCConfigurationList;
			buildConfigurations = (
				7BD7EB6F1EDEEFDE001D99C0 /* Debug */,
				7BD7EB701EDEEFDE001D99C0 /* Release */,
			);
			defaultConfigurationIsVisible = 0;
			defaultConfigurationName = Release;
		};
/* End XCConfigurationList section */

/* Begin XCVersionGroup section */
		7BD7EB741EE020FD001D99C0 /* fbMessanger.xcdatamodeld */ = {
			isa = XCVersionGroup;
			children = (
				7BD7EB751EE020FD001D99C0 /* fbMessanger.xcdatamodel */,
			);
			currentVersion = 7BD7EB751EE020FD001D99C0 /* fbMessanger.xcdatamodel */;
			path = fbMessanger.xcdatamodeld;
			sourceTree = "<group>";
			versionGroupType = wrapper.xcdatamodel;
		};
/* End XCVersionGroup section */
	};
	rootObject = 7BD7EB541EDEEFDE001D99C0 /* Project object */;
}
