// !$*UTF8*$!
{
	archiveVersion = 1;
	classes = {
	};
	objectVersion = 46;
	objects = {

/* Begin PBXBuildFile section */
		7B02B7271E0E7760007D8B6E /* main.m in Sources */ = {isa = PBXBuildFile; fileRef = 7B02B7261E0E7760007D8B6E /* main.m */; };
		7B02B72A1E0E7760007D8B6E /* AppDelegate.m in Sources */ = {isa = PBXBuildFile; fileRef = 7B02B7291E0E7760007D8B6E /* AppDelegate.m */; };
		7B02B7301E0E7760007D8B6E /* Main.storyboard in Resources */ = {isa = PBXBuildFile; fileRef = 7B02B72E1E0E7760007D8B6E /* Main.storyboard */; };
		7B02B7321E0E7760007D8B6E /* Assets.xcassets in Resources */ = {isa = PBXBuildFile; fileRef = 7B02B7311E0E7760007D8B6E /* Assets.xcassets */; };
		7B02B7351E0E7760007D8B6E /* LaunchScreen.storyboard in Resources */ = {isa = PBXBuildFile; fileRef = 7B02B7331E0E7760007D8B6E /* LaunchScreen.storyboard */; };
		7B02B7411E0E77DF007D8B6E /* SideViewController.m in Sources */ = {isa = PBXBuildFile; fileRef = 7B02B7401E0E77DF007D8B6E /* SideViewController.m */; };
		7B02B7441E0E786C007D8B6E /* MainViewController.m in Sources */ = {isa = PBXBuildFile; fileRef = 7B02B7431E0E786C007D8B6E /* MainViewController.m */; };
		7B02B7471E0E78C5007D8B6E /* BackgroundViewController.m in Sources */ = {isa = PBXBuildFile; fileRef = 7B02B7461E0E78C5007D8B6E /* BackgroundViewController.m */; };
		7B2EF9981E125299005D6A1F /* SideDetailViewController.m in Sources */ = {isa = PBXBuildFile; fileRef = 7B2EF9971E125299005D6A1F /* SideDetailViewController.m */; };
		7BF6FD451E167EFE00B7C802 /* UIButton+SideBarAction.m in Sources */ = {isa = PBXBuildFile; fileRef = 7BF6FD441E167EFE00B7C802 /* UIButton+SideBarAction.m */; };
/* End PBXBuildFile section */

/* Begin PBXFileReference section */
		7B02B7221E0E7760007D8B6E /* MainSIdeBarComponent.app */ = {isa = PBXFileReference; explicitFileType = wrapper.application; includeInIndex = 0; path = MainSIdeBarComponent.app; sourceTree = BUILT_PRODUCTS_DIR; };
		7B02B7261E0E7760007D8B6E /* main.m */ = {isa = PBXFileReference; lastKnownFileType = sourcecode.c.objc; path = main.m; sourceTree = "<group>"; };
		7B02B7281E0E7760007D8B6E /* AppDelegate.h */ = {isa = PBXFileReference; lastKnownFileType = sourcecode.c.h; path = AppDelegate.h; sourceTree = "<group>"; };
		7B02B7291E0E7760007D8B6E /* AppDelegate.m */ = {isa = PBXFileReference; lastKnownFileType = sourcecode.c.objc; path = AppDelegate.m; sourceTree = "<group>"; };
		7B02B72F1E0E7760007D8B6E /* Base */ = {isa = PBXFileReference; lastKnownFileType = file.storyboard; name = Base; path = Base.lproj/Main.storyboard; sourceTree = "<group>"; };
		7B02B7311E0E7760007D8B6E /* Assets.xcassets */ = {isa = PBXFileReference; lastKnownFileType = folder.assetcatalog; path = Assets.xcassets; sourceTree = "<group>"; };
		7B02B7341E0E7760007D8B6E /* Base */ = {isa = PBXFileReference; lastKnownFileType = file.storyboard; name = Base; path = Base.lproj/LaunchScreen.storyboard; sourceTree = "<group>"; };
		7B02B7361E0E7760007D8B6E /* Info.plist */ = {isa = PBXFileReference; lastKnownFileType = text.plist.xml; path = Info.plist; sourceTree = "<group>"; };
		7B02B73F1E0E77DF007D8B6E /* SideViewController.h */ = {isa = PBXFileReference; fileEncoding = 4; lastKnownFileType = sourcecode.c.h; path = SideViewController.h; sourceTree = "<group>"; };
		7B02B7401E0E77DF007D8B6E /* SideViewController.m */ = {isa = PBXFileReference; fileEncoding = 4; lastKnownFileType = sourcecode.c.objc; path = SideViewController.m; sourceTree = "<group>"; };
		7B02B7421E0E786C007D8B6E /* MainViewController.h */ = {isa = PBXFileReference; fileEncoding = 4; lastKnownFileType = sourcecode.c.h; path = MainViewController.h; sourceTree = "<group>"; };
		7B02B7431E0E786C007D8B6E /* MainViewController.m */ = {isa = PBXFileReference; fileEncoding = 4; lastKnownFileType = sourcecode.c.objc; path = MainViewController.m; sourceTree = "<group>"; };
		7B02B7451E0E78C5007D8B6E /* BackgroundViewController.h */ = {isa = PBXFileReference; fileEncoding = 4; lastKnownFileType = sourcecode.c.h; path = BackgroundViewController.h; sourceTree = "<group>"; };
		7B02B7461E0E78C5007D8B6E /* BackgroundViewController.m */ = {isa = PBXFileReference; fileEncoding = 4; lastKnownFileType = sourcecode.c.objc; path = BackgroundViewController.m; sourceTree = "<group>"; };
		7B2EF9961E125299005D6A1F /* SideDetailViewController.h */ = {isa = PBXFileReference; fileEncoding = 4; lastKnownFileType = sourcecode.c.h; path = SideDetailViewController.h; sourceTree = "<group>"; };
		7B2EF9971E125299005D6A1F /* SideDetailViewController.m */ = {isa = PBXFileReference; fileEncoding = 4; lastKnownFileType = sourcecode.c.objc; path = SideDetailViewController.m; sourceTree = "<group>"; };
		7BF6FD431E167EFE00B7C802 /* UIButton+SideBarAction.h */ = {isa = PBXFileReference; fileEncoding = 4; lastKnownFileType = sourcecode.c.h; path = "UIButton+SideBarAction.h"; sourceTree = "<group>"; };
		7BF6FD441E167EFE00B7C802 /* UIButton+SideBarAction.m */ = {isa = PBXFileReference; fileEncoding = 4; lastKnownFileType = sourcecode.c.objc; path = "UIButton+SideBarAction.m"; sourceTree = "<group>"; };
/* End PBXFileReference section */

/* Begin PBXFrameworksBuildPhase section */
		7B02B71F1E0E7760007D8B6E /* Frameworks */ = {
			isa = PBXFrameworksBuildPhase;
			buildActionMask = 2147483647;
			files = (
			);
			runOnlyForDeploymentPostprocessing = 0;
		};
/* End PBXFrameworksBuildPhase section */

/* Begin PBXGroup section */
		7B02B7191E0E7760007D8B6E = {
			isa = PBXGroup;
			children = (
				7B02B7241E0E7760007D8B6E /* MainSIdeBarComponent */,
				7B02B7231E0E7760007D8B6E /* Products */,
			);
			sourceTree = "<group>";
		};
		7B02B7231E0E7760007D8B6E /* Products */ = {
			isa = PBXGroup;
			children = (
				7B02B7221E0E7760007D8B6E /* MainSIdeBarComponent.app */,
			);
			name = Products;
			sourceTree = "<group>";
		};
		7B02B7241E0E7760007D8B6E /* MainSIdeBarComponent */ = {
			isa = PBXGroup;
			children = (
				7B02B7281E0E7760007D8B6E /* AppDelegate.h */,
				7B02B7291E0E7760007D8B6E /* AppDelegate.m */,
				7B02B7451E0E78C5007D8B6E /* BackgroundViewController.h */,
				7B02B7461E0E78C5007D8B6E /* BackgroundViewController.m */,
				7B2EF9961E125299005D6A1F /* SideDetailViewController.h */,
				7B2EF9971E125299005D6A1F /* SideDetailViewController.m */,
				7B02B73F1E0E77DF007D8B6E /* SideViewController.h */,
				7B02B7401E0E77DF007D8B6E /* SideViewController.m */,
				7B02B7421E0E786C007D8B6E /* MainViewController.h */,
				7B02B7431E0E786C007D8B6E /* MainViewController.m */,
				7BF6FD431E167EFE00B7C802 /* UIButton+SideBarAction.h */,
				7BF6FD441E167EFE00B7C802 /* UIButton+SideBarAction.m */,
				7B02B72E1E0E7760007D8B6E /* Main.storyboard */,
				7B02B7311E0E7760007D8B6E /* Assets.xcassets */,
				7B02B7331E0E7760007D8B6E /* LaunchScreen.storyboard */,
				7B02B7361E0E7760007D8B6E /* Info.plist */,
				7B02B7251E0E7760007D8B6E /* Supporting Files */,
			);
			path = MainSIdeBarComponent;
			sourceTree = "<group>";
		};
		7B02B7251E0E7760007D8B6E /* Supporting Files */ = {
			isa = PBXGroup;
			children = (
				7B02B7261E0E7760007D8B6E /* main.m */,
			);
			name = "Supporting Files";
			sourceTree = "<group>";
		};
/* End PBXGroup section */

/* Begin PBXNativeTarget section */
		7B02B7211E0E7760007D8B6E /* MainSIdeBarComponent */ = {
			isa = PBXNativeTarget;
			buildConfigurationList = 7B02B7391E0E7760007D8B6E /* Build configuration list for PBXNativeTarget "MainSIdeBarComponent" */;
			buildPhases = (
				7B02B71E1E0E7760007D8B6E /* Sources */,
				7B02B71F1E0E7760007D8B6E /* Frameworks */,
				7B02B7201E0E7760007D8B6E /* Resources */,
			);
			buildRules = (
			);
			dependencies = (
			);
			name = MainSIdeBarComponent;
			productName = MainSIdeBarComponent;
			productReference = 7B02B7221E0E7760007D8B6E /* MainSIdeBarComponent.app */;
			productType = "com.apple.product-type.application";
		};
/* End PBXNativeTarget section */

/* Begin PBXProject section */
		7B02B71A1E0E7760007D8B6E /* Project object */ = {
			isa = PBXProject;
			attributes = {
				LastUpgradeCheck = 0820;
				ORGANIZATIONNAME = "진호놀이터";
				TargetAttributes = {
					7B02B7211E0E7760007D8B6E = {
						CreatedOnToolsVersion = 8.1;
						ProvisioningStyle = Automatic;
					};
				};
			};
			buildConfigurationList = 7B02B71D1E0E7760007D8B6E /* Build configuration list for PBXProject "MainSIdeBarComponent" */;
			compatibilityVersion = "Xcode 3.2";
			developmentRegion = English;
			hasScannedForEncodings = 0;
			knownRegions = (
				en,
				Base,
			);
			mainGroup = 7B02B7191E0E7760007D8B6E;
			productRefGroup = 7B02B7231E0E7760007D8B6E /* Products */;
			projectDirPath = "";
			projectRoot = "";
			targets = (
				7B02B7211E0E7760007D8B6E /* MainSIdeBarComponent */,
			);
		};
/* End PBXProject section */

/* Begin PBXResourcesBuildPhase section */
		7B02B7201E0E7760007D8B6E /* Resources */ = {
			isa = PBXResourcesBuildPhase;
			buildActionMask = 2147483647;
			files = (
				7B02B7351E0E7760007D8B6E /* LaunchScreen.storyboard in Resources */,
				7B02B7321E0E7760007D8B6E /* Assets.xcassets in Resources */,
				7B02B7301E0E7760007D8B6E /* Main.storyboard in Resources */,
			);
			runOnlyForDeploymentPostprocessing = 0;
		};
/* End PBXResourcesBuildPhase section */

/* Begin PBXSourcesBuildPhase section */
		7B02B71E1E0E7760007D8B6E /* Sources */ = {
			isa = PBXSourcesBuildPhase;
			buildActionMask = 2147483647;
			files = (
				7B2EF9981E125299005D6A1F /* SideDetailViewController.m in Sources */,
				7B02B72A1E0E7760007D8B6E /* AppDelegate.m in Sources */,
				7B02B7271E0E7760007D8B6E /* main.m in Sources */,
				7B02B7411E0E77DF007D8B6E /* SideViewController.m in Sources */,
				7B02B7471E0E78C5007D8B6E /* BackgroundViewController.m in Sources */,
				7B02B7441E0E786C007D8B6E /* MainViewController.m in Sources */,
				7BF6FD451E167EFE00B7C802 /* UIButton+SideBarAction.m in Sources */,
			);
			runOnlyForDeploymentPostprocessing = 0;
		};
/* End PBXSourcesBuildPhase section */

/* Begin PBXVariantGroup section */
		7B02B72E1E0E7760007D8B6E /* Main.storyboard */ = {
			isa = PBXVariantGroup;
			children = (
				7B02B72F1E0E7760007D8B6E /* Base */,
			);
			name = Main.storyboard;
			sourceTree = "<group>";
		};
		7B02B7331E0E7760007D8B6E /* LaunchScreen.storyboard */ = {
			isa = PBXVariantGroup;
			children = (
				7B02B7341E0E7760007D8B6E /* Base */,
			);
			name = LaunchScreen.storyboard;
			sourceTree = "<group>";
		};
/* End PBXVariantGroup section */

/* Begin XCBuildConfiguration section */
		7B02B7371E0E7760007D8B6E /* Debug */ = {
			isa = XCBuildConfiguration;
			buildSettings = {
				ALWAYS_SEARCH_USER_PATHS = NO;
				CLANG_ANALYZER_NONNULL = YES;
				CLANG_CXX_LANGUAGE_STANDARD = "gnu++0x";
				CLANG_CXX_LIBRARY = "libc++";
				CLANG_ENABLE_MODULES = YES;
				CLANG_ENABLE_OBJC_ARC = YES;
				CLANG_WARN_BOOL_CONVERSION = YES;
				CLANG_WARN_CONSTANT_CONVERSION = YES;
				CLANG_WARN_DIRECT_OBJC_ISA_USAGE = YES_ERROR;
				CLANG_WARN_DOCUMENTATION_COMMENTS = YES;
				CLANG_WARN_EMPTY_BODY = YES;
				CLANG_WARN_ENUM_CONVERSION = YES;
				CLANG_WARN_INFINITE_RECURSION = YES;
				CLANG_WARN_INT_CONVERSION = YES;
				CLANG_WARN_OBJC_ROOT_CLASS = YES_ERROR;
				CLANG_WARN_SUSPICIOUS_MOVE = YES;
				CLANG_WARN_SUSPICIOUS_MOVES = YES;
				CLANG_WARN_UNREACHABLE_CODE = YES;
				CLANG_WARN__DUPLICATE_METHOD_MATCH = YES;
				"CODE_SIGN_IDENTITY[sdk=iphoneos*]" = "iPhone Developer";
				COPY_PHASE_STRIP = NO;
				DEBUG_INFORMATION_FORMAT = dwarf;
				ENABLE_STRICT_OBJC_MSGSEND = YES;
				ENABLE_TESTABILITY = YES;
				GCC_C_LANGUAGE_STANDARD = gnu99;
				GCC_DYNAMIC_NO_PIC = NO;
				GCC_NO_COMMON_BLOCKS = YES;
				GCC_OPTIMIZATION_LEVEL = 0;
				GCC_PREPROCESSOR_DEFINITIONS = (
					"DEBUG=1",
					"$(inherited)",
				);
				GCC_WARN_64_TO_32_BIT_CONVERSION = YES;
				GCC_WARN_ABOUT_RETURN_TYPE = YES_ERROR;
				GCC_WARN_UNDECLARED_SELECTOR = YES;
				GCC_WARN_UNINITIALIZED_AUTOS = YES_AGGRESSIVE;
				GCC_WARN_UNUSED_FUNCTION = YES;
				GCC_WARN_UNUSED_VARIABLE = YES;
				IPHONEOS_DEPLOYMENT_TARGET = 10.1;
				MTL_ENABLE_DEBUG_INFO = YES;
				ONLY_ACTIVE_ARCH = YES;
				SDKROOT = iphoneos;
			};
			name = Debug;
		};
		7B02B7381E0E7760007D8B6E /* Release */ = {
			isa = XCBuildConfiguration;
			buildSettings = {
				ALWAYS_SEARCH_USER_PATHS = NO;
				CLANG_ANALYZER_NONNULL = YES;
				CLANG_CXX_LANGUAGE_STANDARD = "gnu++0x";
				CLANG_CXX_LIBRARY = "libc++";
				CLANG_ENABLE_MODULES = YES;
				CLANG_ENABLE_OBJC_ARC = YES;
				CLANG_WARN_BOOL_CONVERSION = YES;
				CLANG_WARN_CONSTANT_CONVERSION = YES;
				CLANG_WARN_DIRECT_OBJC_ISA_USAGE = YES_ERROR;
				CLANG_WARN_DOCUMENTATION_COMMENTS = YES;
				CLANG_WARN_EMPTY_BODY = YES;
				CLANG_WARN_ENUM_CONVERSION = YES;
				CLANG_WARN_INFINITE_RECURSION = YES;
				CLANG_WARN_INT_CONVERSION = YES;
				CLANG_WARN_OBJC_ROOT_CLASS = YES_ERROR;
				CLANG_WARN_SUSPICIOUS_MOVE = YES;
				CLANG_WARN_SUSPICIOUS_MOVES = YES;
				CLANG_WARN_UNREACHABLE_CODE = YES;
				CLANG_WARN__DUPLICATE_METHOD_MATCH = YES;
				"CODE_SIGN_IDENTITY[sdk=iphoneos*]" = "iPhone Developer";
				COPY_PHASE_STRIP = NO;
				DEBUG_INFORMATION_FORMAT = "dwarf-with-dsym";
				ENABLE_NS_ASSERTIONS = NO;
				ENABLE_STRICT_OBJC_MSGSEND = YES;
				GCC_C_LANGUAGE_STANDARD = gnu99;
				GCC_NO_COMMON_BLOCKS = YES;
				GCC_WARN_64_TO_32_BIT_CONVERSION = YES;
				GCC_WARN_ABOUT_RETURN_TYPE = YES_ERROR;
				GCC_WARN_UNDECLARED_SELECTOR = YES;
				GCC_WARN_UNINITIALIZED_AUTOS = YES_AGGRESSIVE;
				GCC_WARN_UNUSED_FUNCTION = YES;
				GCC_WARN_UNUSED_VARIABLE = YES;
				IPHONEOS_DEPLOYMENT_TARGET = 10.1;
				MTL_ENABLE_DEBUG_INFO = NO;
				SDKROOT = iphoneos;
				VALIDATE_PRODUCT = YES;
			};
			name = Release;
		};
		7B02B73A1E0E7760007D8B6E /* Debug */ = {
			isa = XCBuildConfiguration;
			buildSettings = {
				ASSETCATALOG_COMPILER_APPICON_NAME = AppIcon;
				INFOPLIST_FILE = MainSIdeBarComponent/Info.plist;
				LD_RUNPATH_SEARCH_PATHS = "$(inherited) @executable_path/Frameworks";
				PRODUCT_BUNDLE_IDENTIFIER = IOSStudent.MainSIdeBarComponent;
				PRODUCT_NAME = "$(TARGET_NAME)";
			};
			name = Debug;
		};
		7B02B73B1E0E7760007D8B6E /* Release */ = {
			isa = XCBuildConfiguration;
			buildSettings = {
				ASSETCATALOG_COMPILER_APPICON_NAME = AppIcon;
				INFOPLIST_FILE = MainSIdeBarComponent/Info.plist;
				LD_RUNPATH_SEARCH_PATHS = "$(inherited) @executable_path/Frameworks";
				PRODUCT_BUNDLE_IDENTIFIER = IOSStudent.MainSIdeBarComponent;
				PRODUCT_NAME = "$(TARGET_NAME)";
			};
			name = Release;
		};
/* End XCBuildConfiguration section */

/* Begin XCConfigurationList section */
		7B02B71D1E0E7760007D8B6E /* Build configuration list for PBXProject "MainSIdeBarComponent" */ = {
			isa = XCConfigurationList;
			buildConfigurations = (
				7B02B7371E0E7760007D8B6E /* Debug */,
				7B02B7381E0E7760007D8B6E /* Release */,
			);
			defaultConfigurationIsVisible = 0;
			defaultConfigurationName = Release;
		};
		7B02B7391E0E7760007D8B6E /* Build configuration list for PBXNativeTarget "MainSIdeBarComponent" */ = {
			isa = XCConfigurationList;
			buildConfigurations = (
				7B02B73A1E0E7760007D8B6E /* Debug */,
				7B02B73B1E0E7760007D8B6E /* Release */,
			);
			defaultConfigurationIsVisible = 0;
			defaultConfigurationName = Release;
		};
/* End XCConfigurationList section */
	};
	rootObject = 7B02B71A1E0E7760007D8B6E /* Project object */;
}
