// !$*UTF8*$!
{
	archiveVersion = 1;
	classes = {
	};
	objectVersion = 46;
	objects = {

/* Begin PBXBuildFile section */
		7B67B5731F2F4F0100FBEC23 /* AppDelegate.swift in Sources */ = {isa = PBXBuildFile; fileRef = 7B67B5721F2F4F0100FBEC23 /* AppDelegate.swift */; };
		7B67B5751F2F4F0100FBEC23 /* ViewController.swift in Sources */ = {isa = PBXBuildFile; fileRef = 7B67B5741F2F4F0100FBEC23 /* ViewController.swift */; };
		7B67B5781F2F4F0100FBEC23 /* Main.storyboard in Resources */ = {isa = PBXBuildFile; fileRef = 7B67B5761F2F4F0100FBEC23 /* Main.storyboard */; };
		7B67B57A1F2F4F0100FBEC23 /* Assets.xcassets in Resources */ = {isa = PBXBuildFile; fileRef = 7B67B5791F2F4F0100FBEC23 /* Assets.xcassets */; };
		7B67B57D1F2F4F0100FBEC23 /* LaunchScreen.storyboard in Resources */ = {isa = PBXBuildFile; fileRef = 7B67B57B1F2F4F0100FBEC23 /* LaunchScreen.storyboard */; };
		7B67B5881F2F4F0100FBEC23 /* PinterStyleCollectionViewTests.swift in Sources */ = {isa = PBXBuildFile; fileRef = 7B67B5871F2F4F0100FBEC23 /* PinterStyleCollectionViewTests.swift */; };
		7B67B5931F2F4F0100FBEC23 /* PinterStyleCollectionViewUITests.swift in Sources */ = {isa = PBXBuildFile; fileRef = 7B67B5921F2F4F0100FBEC23 /* PinterStyleCollectionViewUITests.swift */; };
		7B67B5A11F2F50C800FBEC23 /* PinterCell.swift in Sources */ = {isa = PBXBuildFile; fileRef = 7B67B5A01F2F50C800FBEC23 /* PinterCell.swift */; };
		7B67B5A31F2F515600FBEC23 /* pinterLayoutAttributes.swift in Sources */ = {isa = PBXBuildFile; fileRef = 7B67B5A21F2F515600FBEC23 /* pinterLayoutAttributes.swift */; };
		7B67B5A51F2F51AB00FBEC23 /* PinerLayoutDelegate.swift in Sources */ = {isa = PBXBuildFile; fileRef = 7B67B5A41F2F51AB00FBEC23 /* PinerLayoutDelegate.swift */; };
		7B67B5A71F2F52E000FBEC23 /* UIImage+extention.swift in Sources */ = {isa = PBXBuildFile; fileRef = 7B67B5A61F2F52E000FBEC23 /* UIImage+extention.swift */; };
		7B67B5A91F2F5A3D00FBEC23 /* PinterLayout.swift in Sources */ = {isa = PBXBuildFile; fileRef = 7B67B5A81F2F5A3D00FBEC23 /* PinterLayout.swift */; };
/* End PBXBuildFile section */

/* Begin PBXContainerItemProxy section */
		7B67B5841F2F4F0100FBEC23 /* PBXContainerItemProxy */ = {
			isa = PBXContainerItemProxy;
			containerPortal = 7B67B5671F2F4F0100FBEC23 /* Project object */;
			proxyType = 1;
			remoteGlobalIDString = 7B67B56E1F2F4F0100FBEC23;
			remoteInfo = PinterStyleCollectionView;
		};
		7B67B58F1F2F4F0100FBEC23 /* PBXContainerItemProxy */ = {
			isa = PBXContainerItemProxy;
			containerPortal = 7B67B5671F2F4F0100FBEC23 /* Project object */;
			proxyType = 1;
			remoteGlobalIDString = 7B67B56E1F2F4F0100FBEC23;
			remoteInfo = PinterStyleCollectionView;
		};
/* End PBXContainerItemProxy section */

/* Begin PBXFileReference section */
		7B67B56F1F2F4F0100FBEC23 /* PinterStyleCollectionView.app */ = {isa = PBXFileReference; explicitFileType = wrapper.application; includeInIndex = 0; path = PinterStyleCollectionView.app; sourceTree = BUILT_PRODUCTS_DIR; };
		7B67B5721F2F4F0100FBEC23 /* AppDelegate.swift */ = {isa = PBXFileReference; lastKnownFileType = sourcecode.swift; path = AppDelegate.swift; sourceTree = "<group>"; };
		7B67B5741F2F4F0100FBEC23 /* ViewController.swift */ = {isa = PBXFileReference; lastKnownFileType = sourcecode.swift; path = ViewController.swift; sourceTree = "<group>"; };
		7B67B5771F2F4F0100FBEC23 /* Base */ = {isa = PBXFileReference; lastKnownFileType = file.storyboard; name = Base; path = Base.lproj/Main.storyboard; sourceTree = "<group>"; };
		7B67B5791F2F4F0100FBEC23 /* Assets.xcassets */ = {isa = PBXFileReference; lastKnownFileType = folder.assetcatalog; path = Assets.xcassets; sourceTree = "<group>"; };
		7B67B57C1F2F4F0100FBEC23 /* Base */ = {isa = PBXFileReference; lastKnownFileType = file.storyboard; name = Base; path = Base.lproj/LaunchScreen.storyboard; sourceTree = "<group>"; };
		7B67B57E1F2F4F0100FBEC23 /* Info.plist */ = {isa = PBXFileReference; lastKnownFileType = text.plist.xml; path = Info.plist; sourceTree = "<group>"; };
		7B67B5831F2F4F0100FBEC23 /* PinterStyleCollectionViewTests.xctest */ = {isa = PBXFileReference; explicitFileType = wrapper.cfbundle; includeInIndex = 0; path = PinterStyleCollectionViewTests.xctest; sourceTree = BUILT_PRODUCTS_DIR; };
		7B67B5871F2F4F0100FBEC23 /* PinterStyleCollectionViewTests.swift */ = {isa = PBXFileReference; lastKnownFileType = sourcecode.swift; path = PinterStyleCollectionViewTests.swift; sourceTree = "<group>"; };
		7B67B5891F2F4F0100FBEC23 /* Info.plist */ = {isa = PBXFileReference; lastKnownFileType = text.plist.xml; path = Info.plist; sourceTree = "<group>"; };
		7B67B58E1F2F4F0100FBEC23 /* PinterStyleCollectionViewUITests.xctest */ = {isa = PBXFileReference; explicitFileType = wrapper.cfbundle; includeInIndex = 0; path = PinterStyleCollectionViewUITests.xctest; sourceTree = BUILT_PRODUCTS_DIR; };
		7B67B5921F2F4F0100FBEC23 /* PinterStyleCollectionViewUITests.swift */ = {isa = PBXFileReference; lastKnownFileType = sourcecode.swift; path = PinterStyleCollectionViewUITests.swift; sourceTree = "<group>"; };
		7B67B5941F2F4F0100FBEC23 /* Info.plist */ = {isa = PBXFileReference; lastKnownFileType = text.plist.xml; path = Info.plist; sourceTree = "<group>"; };
		7B67B5A01F2F50C800FBEC23 /* PinterCell.swift */ = {isa = PBXFileReference; fileEncoding = 4; lastKnownFileType = sourcecode.swift; path = PinterCell.swift; sourceTree = "<group>"; };
		7B67B5A21F2F515600FBEC23 /* pinterLayoutAttributes.swift */ = {isa = PBXFileReference; fileEncoding = 4; lastKnownFileType = sourcecode.swift; path = pinterLayoutAttributes.swift; sourceTree = "<group>"; };
		7B67B5A41F2F51AB00FBEC23 /* PinerLayoutDelegate.swift */ = {isa = PBXFileReference; fileEncoding = 4; lastKnownFileType = sourcecode.swift; path = PinerLayoutDelegate.swift; sourceTree = "<group>"; };
		7B67B5A61F2F52E000FBEC23 /* UIImage+extention.swift */ = {isa = PBXFileReference; fileEncoding = 4; lastKnownFileType = sourcecode.swift; path = "UIImage+extention.swift"; sourceTree = "<group>"; };
		7B67B5A81F2F5A3D00FBEC23 /* PinterLayout.swift */ = {isa = PBXFileReference; fileEncoding = 4; lastKnownFileType = sourcecode.swift; path = PinterLayout.swift; sourceTree = "<group>"; };
/* End PBXFileReference section */

/* Begin PBXFrameworksBuildPhase section */
		7B67B56C1F2F4F0100FBEC23 /* Frameworks */ = {
			isa = PBXFrameworksBuildPhase;
			buildActionMask = 2147483647;
			files = (
			);
			runOnlyForDeploymentPostprocessing = 0;
		};
		7B67B5801F2F4F0100FBEC23 /* Frameworks */ = {
			isa = PBXFrameworksBuildPhase;
			buildActionMask = 2147483647;
			files = (
			);
			runOnlyForDeploymentPostprocessing = 0;
		};
		7B67B58B1F2F4F0100FBEC23 /* Frameworks */ = {
			isa = PBXFrameworksBuildPhase;
			buildActionMask = 2147483647;
			files = (
			);
			runOnlyForDeploymentPostprocessing = 0;
		};
/* End PBXFrameworksBuildPhase section */

/* Begin PBXGroup section */
		7B67B5661F2F4F0100FBEC23 = {
			isa = PBXGroup;
			children = (
				7B67B5711F2F4F0100FBEC23 /* PinterStyleCollectionView */,
				7B67B5861F2F4F0100FBEC23 /* PinterStyleCollectionViewTests */,
				7B67B5911F2F4F0100FBEC23 /* PinterStyleCollectionViewUITests */,
				7B67B5701F2F4F0100FBEC23 /* Products */,
			);
			sourceTree = "<group>";
		};
		7B67B5701F2F4F0100FBEC23 /* Products */ = {
			isa = PBXGroup;
			children = (
				7B67B56F1F2F4F0100FBEC23 /* PinterStyleCollectionView.app */,
				7B67B5831F2F4F0100FBEC23 /* PinterStyleCollectionViewTests.xctest */,
				7B67B58E1F2F4F0100FBEC23 /* PinterStyleCollectionViewUITests.xctest */,
			);
			name = Products;
			sourceTree = "<group>";
		};
		7B67B5711F2F4F0100FBEC23 /* PinterStyleCollectionView */ = {
			isa = PBXGroup;
			children = (
				7B67B5721F2F4F0100FBEC23 /* AppDelegate.swift */,
				7B67B5741F2F4F0100FBEC23 /* ViewController.swift */,
				7B67B5A81F2F5A3D00FBEC23 /* PinterLayout.swift */,
				7B67B5A01F2F50C800FBEC23 /* PinterCell.swift */,
				7B67B5761F2F4F0100FBEC23 /* Main.storyboard */,
				7B67B5A21F2F515600FBEC23 /* pinterLayoutAttributes.swift */,
				7B67B5A41F2F51AB00FBEC23 /* PinerLayoutDelegate.swift */,
				7B67B5A61F2F52E000FBEC23 /* UIImage+extention.swift */,
				7B67B5791F2F4F0100FBEC23 /* Assets.xcassets */,
				7B67B57B1F2F4F0100FBEC23 /* LaunchScreen.storyboard */,
				7B67B57E1F2F4F0100FBEC23 /* Info.plist */,
			);
			path = PinterStyleCollectionView;
			sourceTree = "<group>";
		};
		7B67B5861F2F4F0100FBEC23 /* PinterStyleCollectionViewTests */ = {
			isa = PBXGroup;
			children = (
				7B67B5871F2F4F0100FBEC23 /* PinterStyleCollectionViewTests.swift */,
				7B67B5891F2F4F0100FBEC23 /* Info.plist */,
			);
			path = PinterStyleCollectionViewTests;
			sourceTree = "<group>";
		};
		7B67B5911F2F4F0100FBEC23 /* PinterStyleCollectionViewUITests */ = {
			isa = PBXGroup;
			children = (
				7B67B5921F2F4F0100FBEC23 /* PinterStyleCollectionViewUITests.swift */,
				7B67B5941F2F4F0100FBEC23 /* Info.plist */,
			);
			path = PinterStyleCollectionViewUITests;
			sourceTree = "<group>";
		};
/* End PBXGroup section */

/* Begin PBXNativeTarget section */
		7B67B56E1F2F4F0100FBEC23 /* PinterStyleCollectionView */ = {
			isa = PBXNativeTarget;
			buildConfigurationList = 7B67B5971F2F4F0100FBEC23 /* Build configuration list for PBXNativeTarget "PinterStyleCollectionView" */;
			buildPhases = (
				7B67B56B1F2F4F0100FBEC23 /* Sources */,
				7B67B56C1F2F4F0100FBEC23 /* Frameworks */,
				7B67B56D1F2F4F0100FBEC23 /* Resources */,
			);
			buildRules = (
			);
			dependencies = (
			);
			name = PinterStyleCollectionView;
			productName = PinterStyleCollectionView;
			productReference = 7B67B56F1F2F4F0100FBEC23 /* PinterStyleCollectionView.app */;
			productType = "com.apple.product-type.application";
		};
		7B67B5821F2F4F0100FBEC23 /* PinterStyleCollectionViewTests */ = {
			isa = PBXNativeTarget;
			buildConfigurationList = 7B67B59A1F2F4F0100FBEC23 /* Build configuration list for PBXNativeTarget "PinterStyleCollectionViewTests" */;
			buildPhases = (
				7B67B57F1F2F4F0100FBEC23 /* Sources */,
				7B67B5801F2F4F0100FBEC23 /* Frameworks */,
				7B67B5811F2F4F0100FBEC23 /* Resources */,
			);
			buildRules = (
			);
			dependencies = (
				7B67B5851F2F4F0100FBEC23 /* PBXTargetDependency */,
			);
			name = PinterStyleCollectionViewTests;
			productName = PinterStyleCollectionViewTests;
			productReference = 7B67B5831F2F4F0100FBEC23 /* PinterStyleCollectionViewTests.xctest */;
			productType = "com.apple.product-type.bundle.unit-test";
		};
		7B67B58D1F2F4F0100FBEC23 /* PinterStyleCollectionViewUITests */ = {
			isa = PBXNativeTarget;
			buildConfigurationList = 7B67B59D1F2F4F0100FBEC23 /* Build configuration list for PBXNativeTarget "PinterStyleCollectionViewUITests" */;
			buildPhases = (
				7B67B58A1F2F4F0100FBEC23 /* Sources */,
				7B67B58B1F2F4F0100FBEC23 /* Frameworks */,
				7B67B58C1F2F4F0100FBEC23 /* Resources */,
			);
			buildRules = (
			);
			dependencies = (
				7B67B5901F2F4F0100FBEC23 /* PBXTargetDependency */,
			);
			name = PinterStyleCollectionViewUITests;
			productName = PinterStyleCollectionViewUITests;
			productReference = 7B67B58E1F2F4F0100FBEC23 /* PinterStyleCollectionViewUITests.xctest */;
			productType = "com.apple.product-type.bundle.ui-testing";
		};
/* End PBXNativeTarget section */

/* Begin PBXProject section */
		7B67B5671F2F4F0100FBEC23 /* Project object */ = {
			isa = PBXProject;
			attributes = {
				LastSwiftUpdateCheck = 0830;
				LastUpgradeCheck = 0830;
				ORGANIZATIONNAME = "진호놀이터";
				TargetAttributes = {
					7B67B56E1F2F4F0100FBEC23 = {
						CreatedOnToolsVersion = 8.3.3;
						ProvisioningStyle = Automatic;
					};
					7B67B5821F2F4F0100FBEC23 = {
						CreatedOnToolsVersion = 8.3.3;
						ProvisioningStyle = Automatic;
						TestTargetID = 7B67B56E1F2F4F0100FBEC23;
					};
					7B67B58D1F2F4F0100FBEC23 = {
						CreatedOnToolsVersion = 8.3.3;
						ProvisioningStyle = Automatic;
						TestTargetID = 7B67B56E1F2F4F0100FBEC23;
					};
				};
			};
			buildConfigurationList = 7B67B56A1F2F4F0100FBEC23 /* Build configuration list for PBXProject "PinterStyleCollectionView" */;
			compatibilityVersion = "Xcode 3.2";
			developmentRegion = English;
			hasScannedForEncodings = 0;
			knownRegions = (
				en,
				Base,
			);
			mainGroup = 7B67B5661F2F4F0100FBEC23;
			productRefGroup = 7B67B5701F2F4F0100FBEC23 /* Products */;
			projectDirPath = "";
			projectRoot = "";
			targets = (
				7B67B56E1F2F4F0100FBEC23 /* PinterStyleCollectionView */,
				7B67B5821F2F4F0100FBEC23 /* PinterStyleCollectionViewTests */,
				7B67B58D1F2F4F0100FBEC23 /* PinterStyleCollectionViewUITests */,
			);
		};
/* End PBXProject section */

/* Begin PBXResourcesBuildPhase section */
		7B67B56D1F2F4F0100FBEC23 /* Resources */ = {
			isa = PBXResourcesBuildPhase;
			buildActionMask = 2147483647;
			files = (
				7B67B57D1F2F4F0100FBEC23 /* LaunchScreen.storyboard in Resources */,
				7B67B57A1F2F4F0100FBEC23 /* Assets.xcassets in Resources */,
				7B67B5781F2F4F0100FBEC23 /* Main.storyboard in Resources */,
			);
			runOnlyForDeploymentPostprocessing = 0;
		};
		7B67B5811F2F4F0100FBEC23 /* Resources */ = {
			isa = PBXResourcesBuildPhase;
			buildActionMask = 2147483647;
			files = (
			);
			runOnlyForDeploymentPostprocessing = 0;
		};
		7B67B58C1F2F4F0100FBEC23 /* Resources */ = {
			isa = PBXResourcesBuildPhase;
			buildActionMask = 2147483647;
			files = (
			);
			runOnlyForDeploymentPostprocessing = 0;
		};
/* End PBXResourcesBuildPhase section */

/* Begin PBXSourcesBuildPhase section */
		7B67B56B1F2F4F0100FBEC23 /* Sources */ = {
			isa = PBXSourcesBuildPhase;
			buildActionMask = 2147483647;
			files = (
				7B67B5A71F2F52E000FBEC23 /* UIImage+extention.swift in Sources */,
				7B67B5A51F2F51AB00FBEC23 /* PinerLayoutDelegate.swift in Sources */,
				7B67B5751F2F4F0100FBEC23 /* ViewController.swift in Sources */,
				7B67B5731F2F4F0100FBEC23 /* AppDelegate.swift in Sources */,
				7B67B5A91F2F5A3D00FBEC23 /* PinterLayout.swift in Sources */,
				7B67B5A31F2F515600FBEC23 /* pinterLayoutAttributes.swift in Sources */,
				7B67B5A11F2F50C800FBEC23 /* PinterCell.swift in Sources */,
			);
			runOnlyForDeploymentPostprocessing = 0;
		};
		7B67B57F1F2F4F0100FBEC23 /* Sources */ = {
			isa = PBXSourcesBuildPhase;
			buildActionMask = 2147483647;
			files = (
				7B67B5881F2F4F0100FBEC23 /* PinterStyleCollectionViewTests.swift in Sources */,
			);
			runOnlyForDeploymentPostprocessing = 0;
		};
		7B67B58A1F2F4F0100FBEC23 /* Sources */ = {
			isa = PBXSourcesBuildPhase;
			buildActionMask = 2147483647;
			files = (
				7B67B5931F2F4F0100FBEC23 /* PinterStyleCollectionViewUITests.swift in Sources */,
			);
			runOnlyForDeploymentPostprocessing = 0;
		};
/* End PBXSourcesBuildPhase section */

/* Begin PBXTargetDependency section */
		7B67B5851F2F4F0100FBEC23 /* PBXTargetDependency */ = {
			isa = PBXTargetDependency;
			target = 7B67B56E1F2F4F0100FBEC23 /* PinterStyleCollectionView */;
			targetProxy = 7B67B5841F2F4F0100FBEC23 /* PBXContainerItemProxy */;
		};
		7B67B5901F2F4F0100FBEC23 /* PBXTargetDependency */ = {
			isa = PBXTargetDependency;
			target = 7B67B56E1F2F4F0100FBEC23 /* PinterStyleCollectionView */;
			targetProxy = 7B67B58F1F2F4F0100FBEC23 /* PBXContainerItemProxy */;
		};
/* End PBXTargetDependency section */

/* Begin PBXVariantGroup section */
		7B67B5761F2F4F0100FBEC23 /* Main.storyboard */ = {
			isa = PBXVariantGroup;
			children = (
				7B67B5771F2F4F0100FBEC23 /* Base */,
			);
			name = Main.storyboard;
			sourceTree = "<group>";
		};
		7B67B57B1F2F4F0100FBEC23 /* LaunchScreen.storyboard */ = {
			isa = PBXVariantGroup;
			children = (
				7B67B57C1F2F4F0100FBEC23 /* Base */,
			);
			name = LaunchScreen.storyboard;
			sourceTree = "<group>";
		};
/* End PBXVariantGroup section */

/* Begin XCBuildConfiguration section */
		7B67B5951F2F4F0100FBEC23 /* Debug */ = {
			isa = XCBuildConfiguration;
			buildSettings = {
				ALWAYS_SEARCH_USER_PATHS = NO;
				CLANG_ANALYZER_NONNULL = YES;
				CLANG_ANALYZER_NUMBER_OBJECT_CONVERSION = YES_AGGRESSIVE;
				CLANG_CXX_LANGUAGE_STANDARD = "gnu++0x";
				CLANG_CXX_LIBRARY = "libc++";
				CLANG_ENABLE_MODULES = YES;
				CLANG_ENABLE_OBJC_ARC = YES;
				CLANG_WARN_BOOL_CONVERSION = YES;
				CLANG_WARN_CONSTANT_CONVERSION = YES;
				CLANG_WARN_DIRECT_OBJC_ISA_USAGE = YES_ERROR;
				CLANG_WARN_DOCUMENTATION_COMMENTS = YES;
				CLANG_WARN_EMPTY_BODY = YES;
				CLANG_WARN_ENUM_CONVERSION = YES;
				CLANG_WARN_INFINITE_RECURSION = YES;
				CLANG_WARN_INT_CONVERSION = YES;
				CLANG_WARN_OBJC_ROOT_CLASS = YES_ERROR;
				CLANG_WARN_SUSPICIOUS_MOVE = YES;
				CLANG_WARN_UNREACHABLE_CODE = YES;
				CLANG_WARN__DUPLICATE_METHOD_MATCH = YES;
				"CODE_SIGN_IDENTITY[sdk=iphoneos*]" = "iPhone Developer";
				COPY_PHASE_STRIP = NO;
				DEBUG_INFORMATION_FORMAT = dwarf;
				ENABLE_STRICT_OBJC_MSGSEND = YES;
				ENABLE_TESTABILITY = YES;
				GCC_C_LANGUAGE_STANDARD = gnu99;
				GCC_DYNAMIC_NO_PIC = NO;
				GCC_NO_COMMON_BLOCKS = YES;
				GCC_OPTIMIZATION_LEVEL = 0;
				GCC_PREPROCESSOR_DEFINITIONS = (
					"DEBUG=1",
					"$(inherited)",
				);
				GCC_WARN_64_TO_32_BIT_CONVERSION = YES;
				GCC_WARN_ABOUT_RETURN_TYPE = YES_ERROR;
				GCC_WARN_UNDECLARED_SELECTOR = YES;
				GCC_WARN_UNINITIALIZED_AUTOS = YES_AGGRESSIVE;
				GCC_WARN_UNUSED_FUNCTION = YES;
				GCC_WARN_UNUSED_VARIABLE = YES;
				IPHONEOS_DEPLOYMENT_TARGET = 10.3;
				MTL_ENABLE_DEBUG_INFO = YES;
				ONLY_ACTIVE_ARCH = YES;
				SDKROOT = iphoneos;
				SWIFT_ACTIVE_COMPILATION_CONDITIONS = DEBUG;
				SWIFT_OPTIMIZATION_LEVEL = "-Onone";
			};
			name = Debug;
		};
		7B67B5961F2F4F0100FBEC23 /* Release */ = {
			isa = XCBuildConfiguration;
			buildSettings = {
				ALWAYS_SEARCH_USER_PATHS = NO;
				CLANG_ANALYZER_NONNULL = YES;
				CLANG_ANALYZER_NUMBER_OBJECT_CONVERSION = YES_AGGRESSIVE;
				CLANG_CXX_LANGUAGE_STANDARD = "gnu++0x";
				CLANG_CXX_LIBRARY = "libc++";
				CLANG_ENABLE_MODULES = YES;
				CLANG_ENABLE_OBJC_ARC = YES;
				CLANG_WARN_BOOL_CONVERSION = YES;
				CLANG_WARN_CONSTANT_CONVERSION = YES;
				CLANG_WARN_DIRECT_OBJC_ISA_USAGE = YES_ERROR;
				CLANG_WARN_DOCUMENTATION_COMMENTS = YES;
				CLANG_WARN_EMPTY_BODY = YES;
				CLANG_WARN_ENUM_CONVERSION = YES;
				CLANG_WARN_INFINITE_RECURSION = YES;
				CLANG_WARN_INT_CONVERSION = YES;
				CLANG_WARN_OBJC_ROOT_CLASS = YES_ERROR;
				CLANG_WARN_SUSPICIOUS_MOVE = YES;
				CLANG_WARN_UNREACHABLE_CODE = YES;
				CLANG_WARN__DUPLICATE_METHOD_MATCH = YES;
				"CODE_SIGN_IDENTITY[sdk=iphoneos*]" = "iPhone Developer";
				COPY_PHASE_STRIP = NO;
				DEBUG_INFORMATION_FORMAT = "dwarf-with-dsym";
				ENABLE_NS_ASSERTIONS = NO;
				ENABLE_STRICT_OBJC_MSGSEND = YES;
				GCC_C_LANGUAGE_STANDARD = gnu99;
				GCC_NO_COMMON_BLOCKS = YES;
				GCC_WARN_64_TO_32_BIT_CONVERSION = YES;
				GCC_WARN_ABOUT_RETURN_TYPE = YES_ERROR;
				GCC_WARN_UNDECLARED_SELECTOR = YES;
				GCC_WARN_UNINITIALIZED_AUTOS = YES_AGGRESSIVE;
				GCC_WARN_UNUSED_FUNCTION = YES;
				GCC_WARN_UNUSED_VARIABLE = YES;
				IPHONEOS_DEPLOYMENT_TARGET = 10.3;
				MTL_ENABLE_DEBUG_INFO = NO;
				SDKROOT = iphoneos;
				SWIFT_OPTIMIZATION_LEVEL = "-Owholemodule";
				VALIDATE_PRODUCT = YES;
			};
			name = Release;
		};
		7B67B5981F2F4F0100FBEC23 /* Debug */ = {
			isa = XCBuildConfiguration;
			buildSettings = {
				ASSETCATALOG_COMPILER_APPICON_NAME = AppIcon;
				INFOPLIST_FILE = PinterStyleCollectionView/Info.plist;
				LD_RUNPATH_SEARCH_PATHS = "$(inherited) @executable_path/Frameworks";
				PRODUCT_BUNDLE_IDENTIFIER = com.swiftExample.PinterStyleCollectionView;
				PRODUCT_NAME = "$(TARGET_NAME)";
				SWIFT_VERSION = 3.0;
			};
			name = Debug;
		};
		7B67B5991F2F4F0100FBEC23 /* Release */ = {
			isa = XCBuildConfiguration;
			buildSettings = {
				ASSETCATALOG_COMPILER_APPICON_NAME = AppIcon;
				INFOPLIST_FILE = PinterStyleCollectionView/Info.plist;
				LD_RUNPATH_SEARCH_PATHS = "$(inherited) @executable_path/Frameworks";
				PRODUCT_BUNDLE_IDENTIFIER = com.swiftExample.PinterStyleCollectionView;
				PRODUCT_NAME = "$(TARGET_NAME)";
				SWIFT_VERSION = 3.0;
			};
			name = Release;
		};
		7B67B59B1F2F4F0100FBEC23 /* Debug */ = {
			isa = XCBuildConfiguration;
			buildSettings = {
				ALWAYS_EMBED_SWIFT_STANDARD_LIBRARIES = YES;
				BUNDLE_LOADER = "$(TEST_HOST)";
				INFOPLIST_FILE = PinterStyleCollectionViewTests/Info.plist;
				LD_RUNPATH_SEARCH_PATHS = "$(inherited) @executable_path/Frameworks @loader_path/Frameworks";
				PRODUCT_BUNDLE_IDENTIFIER = com.swiftExample.PinterStyleCollectionViewTests;
				PRODUCT_NAME = "$(TARGET_NAME)";
				SWIFT_VERSION = 3.0;
				TEST_HOST = "$(BUILT_PRODUCTS_DIR)/PinterStyleCollectionView.app/PinterStyleCollectionView";
			};
			name = Debug;
		};
		7B67B59C1F2F4F0100FBEC23 /* Release */ = {
			isa = XCBuildConfiguration;
			buildSettings = {
				ALWAYS_EMBED_SWIFT_STANDARD_LIBRARIES = YES;
				BUNDLE_LOADER = "$(TEST_HOST)";
				INFOPLIST_FILE = PinterStyleCollectionViewTests/Info.plist;
				LD_RUNPATH_SEARCH_PATHS = "$(inherited) @executable_path/Frameworks @loader_path/Frameworks";
				PRODUCT_BUNDLE_IDENTIFIER = com.swiftExample.PinterStyleCollectionViewTests;
				PRODUCT_NAME = "$(TARGET_NAME)";
				SWIFT_VERSION = 3.0;
				TEST_HOST = "$(BUILT_PRODUCTS_DIR)/PinterStyleCollectionView.app/PinterStyleCollectionView";
			};
			name = Release;
		};
		7B67B59E1F2F4F0100FBEC23 /* Debug */ = {
			isa = XCBuildConfiguration;
			buildSettings = {
				ALWAYS_EMBED_SWIFT_STANDARD_LIBRARIES = YES;
				INFOPLIST_FILE = PinterStyleCollectionViewUITests/Info.plist;
				LD_RUNPATH_SEARCH_PATHS = "$(inherited) @executable_path/Frameworks @loader_path/Frameworks";
				PRODUCT_BUNDLE_IDENTIFIER = com.swiftExample.PinterStyleCollectionViewUITests;
				PRODUCT_NAME = "$(TARGET_NAME)";
				SWIFT_VERSION = 3.0;
				TEST_TARGET_NAME = PinterStyleCollectionView;
			};
			name = Debug;
		};
		7B67B59F1F2F4F0100FBEC23 /* Release */ = {
			isa = XCBuildConfiguration;
			buildSettings = {
				ALWAYS_EMBED_SWIFT_STANDARD_LIBRARIES = YES;
				INFOPLIST_FILE = PinterStyleCollectionViewUITests/Info.plist;
				LD_RUNPATH_SEARCH_PATHS = "$(inherited) @executable_path/Frameworks @loader_path/Frameworks";
				PRODUCT_BUNDLE_IDENTIFIER = com.swiftExample.PinterStyleCollectionViewUITests;
				PRODUCT_NAME = "$(TARGET_NAME)";
				SWIFT_VERSION = 3.0;
				TEST_TARGET_NAME = PinterStyleCollectionView;
			};
			name = Release;
		};
/* End XCBuildConfiguration section */

/* Begin XCConfigurationList section */
		7B67B56A1F2F4F0100FBEC23 /* Build configuration list for PBXProject "PinterStyleCollectionView" */ = {
			isa = XCConfigurationList;
			buildConfigurations = (
				7B67B5951F2F4F0100FBEC23 /* Debug */,
				7B67B5961F2F4F0100FBEC23 /* Release */,
			);
			defaultConfigurationIsVisible = 0;
			defaultConfigurationName = Release;
		};
		7B67B5971F2F4F0100FBEC23 /* Build configuration list for PBXNativeTarget "PinterStyleCollectionView" */ = {
			isa = XCConfigurationList;
			buildConfigurations = (
				7B67B5981F2F4F0100FBEC23 /* Debug */,
				7B67B5991F2F4F0100FBEC23 /* Release */,
			);
			defaultConfigurationIsVisible = 0;
		};
		7B67B59A1F2F4F0100FBEC23 /* Build configuration list for PBXNativeTarget "PinterStyleCollectionViewTests" */ = {
			isa = XCConfigurationList;
			buildConfigurations = (
				7B67B59B1F2F4F0100FBEC23 /* Debug */,
				7B67B59C1F2F4F0100FBEC23 /* Release */,
			);
			defaultConfigurationIsVisible = 0;
		};
		7B67B59D1F2F4F0100FBEC23 /* Build configuration list for PBXNativeTarget "PinterStyleCollectionViewUITests" */ = {
			isa = XCConfigurationList;
			buildConfigurations = (
				7B67B59E1F2F4F0100FBEC23 /* Debug */,
				7B67B59F1F2F4F0100FBEC23 /* Release */,
			);
			defaultConfigurationIsVisible = 0;
		};
/* End XCConfigurationList section */
	};
	rootObject = 7B67B5671F2F4F0100FBEC23 /* Project object */;
}
