// !$*UTF8*$!
{
	archiveVersion = 1;
	classes = {
	};
	objectVersion = 46;
	objects = {

/* Begin PBXBuildFile section */
		7B1235361EA797C00085C0C1 /* SearchVC.swift in Sources */ = {isa = PBXBuildFile; fileRef = 7B1235351EA797C00085C0C1 /* SearchVC.swift */; };
		7B1BBB9F1E9E118900AB5817 /* Utility.swift in Sources */ = {isa = PBXBuildFile; fileRef = 7B1BBB9E1E9E118900AB5817 /* Utility.swift */; };
		7B9706E41EBB1E7A00730D3B /* PersonDataModel.swift in Sources */ = {isa = PBXBuildFile; fileRef = 7B9706E31EBB1E7A00730D3B /* PersonDataModel.swift */; };
		7B9706E71EBB25B600730D3B /* RegistedTableViewCell.swift in Sources */ = {isa = PBXBuildFile; fileRef = 7B9706E61EBB25B600730D3B /* RegistedTableViewCell.swift */; };
		7B9706E91EBC5C6600730D3B /* InfoVC.swift in Sources */ = {isa = PBXBuildFile; fileRef = 7B9706E81EBC5C6600730D3B /* InfoVC.swift */; };
		7BA1011F1EB9BFF700DD831C /* RegisterVC.swift in Sources */ = {isa = PBXBuildFile; fileRef = 7BA1011E1EB9BFF700DD831C /* RegisterVC.swift */; };
		7BDFABD31E98B13E006D2992 /* AppDelegate.swift in Sources */ = {isa = PBXBuildFile; fileRef = 7BDFABD21E98B13E006D2992 /* AppDelegate.swift */; };
		7BDFABD51E98B13E006D2992 /* ViewController.swift in Sources */ = {isa = PBXBuildFile; fileRef = 7BDFABD41E98B13E006D2992 /* ViewController.swift */; };
		7BDFABD81E98B13E006D2992 /* Main.storyboard in Resources */ = {isa = PBXBuildFile; fileRef = 7BDFABD61E98B13E006D2992 /* Main.storyboard */; };
		7BDFABDA1E98B13E006D2992 /* Assets.xcassets in Resources */ = {isa = PBXBuildFile; fileRef = 7BDFABD91E98B13E006D2992 /* Assets.xcassets */; };
		7BDFABDD1E98B13E006D2992 /* LaunchScreen.storyboard in Resources */ = {isa = PBXBuildFile; fileRef = 7BDFABDB1E98B13E006D2992 /* LaunchScreen.storyboard */; };
		7BDFABE51E98C601006D2992 /* VC.swift in Sources */ = {isa = PBXBuildFile; fileRef = 7BDFABE41E98C601006D2992 /* VC.swift */; };
		7BDFABE71E98CB4F006D2992 /* VC2.swift in Sources */ = {isa = PBXBuildFile; fileRef = 7BDFABE61E98CB4F006D2992 /* VC2.swift */; };
/* End PBXBuildFile section */

/* Begin PBXFileReference section */
		7B1235351EA797C00085C0C1 /* SearchVC.swift */ = {isa = PBXFileReference; fileEncoding = 4; lastKnownFileType = sourcecode.swift; path = SearchVC.swift; sourceTree = "<group>"; };
		7B1BBB9E1E9E118900AB5817 /* Utility.swift */ = {isa = PBXFileReference; fileEncoding = 4; lastKnownFileType = sourcecode.swift; path = Utility.swift; sourceTree = "<group>"; };
		7B9706E31EBB1E7A00730D3B /* PersonDataModel.swift */ = {isa = PBXFileReference; fileEncoding = 4; lastKnownFileType = sourcecode.swift; path = PersonDataModel.swift; sourceTree = "<group>"; };
		7B9706E61EBB25B600730D3B /* RegistedTableViewCell.swift */ = {isa = PBXFileReference; fileEncoding = 4; lastKnownFileType = sourcecode.swift; path = RegistedTableViewCell.swift; sourceTree = "<group>"; };
		7B9706E81EBC5C6600730D3B /* InfoVC.swift */ = {isa = PBXFileReference; fileEncoding = 4; lastKnownFileType = sourcecode.swift; path = InfoVC.swift; sourceTree = "<group>"; };
		7BA1011E1EB9BFF700DD831C /* RegisterVC.swift */ = {isa = PBXFileReference; fileEncoding = 4; lastKnownFileType = sourcecode.swift; path = RegisterVC.swift; sourceTree = "<group>"; };
		7BDFABCF1E98B13E006D2992 /* 0408SOPTWork.app */ = {isa = PBXFileReference; explicitFileType = wrapper.application; includeInIndex = 0; path = 0408SOPTWork.app; sourceTree = BUILT_PRODUCTS_DIR; };
		7BDFABD21E98B13E006D2992 /* AppDelegate.swift */ = {isa = PBXFileReference; lastKnownFileType = sourcecode.swift; path = AppDelegate.swift; sourceTree = "<group>"; };
		7BDFABD41E98B13E006D2992 /* ViewController.swift */ = {isa = PBXFileReference; lastKnownFileType = sourcecode.swift; path = ViewController.swift; sourceTree = "<group>"; };
		7BDFABD71E98B13E006D2992 /* Base */ = {isa = PBXFileReference; lastKnownFileType = file.storyboard; name = Base; path = Base.lproj/Main.storyboard; sourceTree = "<group>"; };
		7BDFABD91E98B13E006D2992 /* Assets.xcassets */ = {isa = PBXFileReference; lastKnownFileType = folder.assetcatalog; path = Assets.xcassets; sourceTree = "<group>"; };
		7BDFABDC1E98B13E006D2992 /* Base */ = {isa = PBXFileReference; lastKnownFileType = file.storyboard; name = Base; path = Base.lproj/LaunchScreen.storyboard; sourceTree = "<group>"; };
		7BDFABDE1E98B13E006D2992 /* Info.plist */ = {isa = PBXFileReference; lastKnownFileType = text.plist.xml; path = Info.plist; sourceTree = "<group>"; };
		7BDFABE41E98C601006D2992 /* VC.swift */ = {isa = PBXFileReference; fileEncoding = 4; lastKnownFileType = sourcecode.swift; path = VC.swift; sourceTree = "<group>"; };
		7BDFABE61E98CB4F006D2992 /* VC2.swift */ = {isa = PBXFileReference; fileEncoding = 4; lastKnownFileType = sourcecode.swift; path = VC2.swift; sourceTree = "<group>"; };
/* End PBXFileReference section */

/* Begin PBXFrameworksBuildPhase section */
		7BDFABCC1E98B13E006D2992 /* Frameworks */ = {
			isa = PBXFrameworksBuildPhase;
			buildActionMask = 2147483647;
			files = (
			);
			runOnlyForDeploymentPostprocessing = 0;
		};
/* End PBXFrameworksBuildPhase section */

/* Begin PBXGroup section */
		7B9706E51EBB1F7300730D3B /* RegisterVC&RegiserDM */ = {
			isa = PBXGroup;
			children = (
				7BA1011E1EB9BFF700DD831C /* RegisterVC.swift */,
				7B9706E31EBB1E7A00730D3B /* PersonDataModel.swift */,
				7B9706E61EBB25B600730D3B /* RegistedTableViewCell.swift */,
				7B9706E81EBC5C6600730D3B /* InfoVC.swift */,
			);
			name = "RegisterVC&RegiserDM";
			sourceTree = "<group>";
		};
		7BDFABC61E98B13E006D2992 = {
			isa = PBXGroup;
			children = (
				7BDFABD11E98B13E006D2992 /* 0408SOPTWork */,
				7BDFABD01E98B13E006D2992 /* Products */,
			);
			sourceTree = "<group>";
		};
		7BDFABD01E98B13E006D2992 /* Products */ = {
			isa = PBXGroup;
			children = (
				7BDFABCF1E98B13E006D2992 /* 0408SOPTWork.app */,
			);
			name = Products;
			sourceTree = "<group>";
		};
		7BDFABD11E98B13E006D2992 /* 0408SOPTWork */ = {
			isa = PBXGroup;
			children = (
				7BDFABD21E98B13E006D2992 /* AppDelegate.swift */,
				7BDFABD41E98B13E006D2992 /* ViewController.swift */,
				7BDFABE41E98C601006D2992 /* VC.swift */,
				7BDFABE61E98CB4F006D2992 /* VC2.swift */,
				7B1235351EA797C00085C0C1 /* SearchVC.swift */,
				7B1BBB9E1E9E118900AB5817 /* Utility.swift */,
				7BDFABD61E98B13E006D2992 /* Main.storyboard */,
				7B9706E51EBB1F7300730D3B /* RegisterVC&RegiserDM */,
				7BDFABD91E98B13E006D2992 /* Assets.xcassets */,
				7BDFABDB1E98B13E006D2992 /* LaunchScreen.storyboard */,
				7BDFABDE1E98B13E006D2992 /* Info.plist */,
			);
			path = 0408SOPTWork;
			sourceTree = "<group>";
		};
/* End PBXGroup section */

/* Begin PBXNativeTarget section */
		7BDFABCE1E98B13E006D2992 /* 0408SOPTWork */ = {
			isa = PBXNativeTarget;
			buildConfigurationList = 7BDFABE11E98B13E006D2992 /* Build configuration list for PBXNativeTarget "0408SOPTWork" */;
			buildPhases = (
				7BDFABCB1E98B13E006D2992 /* Sources */,
				7BDFABCC1E98B13E006D2992 /* Frameworks */,
				7BDFABCD1E98B13E006D2992 /* Resources */,
			);
			buildRules = (
			);
			dependencies = (
			);
			name = 0408SOPTWork;
			productName = 0408SOPTWork;
			productReference = 7BDFABCF1E98B13E006D2992 /* 0408SOPTWork.app */;
			productType = "com.apple.product-type.application";
		};
/* End PBXNativeTarget section */

/* Begin PBXProject section */
		7BDFABC71E98B13E006D2992 /* Project object */ = {
			isa = PBXProject;
			attributes = {
				LastSwiftUpdateCheck = 0820;
				LastUpgradeCheck = 0820;
				ORGANIZATIONNAME = "진호놀이터";
				TargetAttributes = {
					7BDFABCE1E98B13E006D2992 = {
						CreatedOnToolsVersion = 8.2.1;
						ProvisioningStyle = Automatic;
					};
				};
			};
			buildConfigurationList = 7BDFABCA1E98B13E006D2992 /* Build configuration list for PBXProject "0408SOPTWork" */;
			compatibilityVersion = "Xcode 3.2";
			developmentRegion = English;
			hasScannedForEncodings = 0;
			knownRegions = (
				en,
				Base,
			);
			mainGroup = 7BDFABC61E98B13E006D2992;
			productRefGroup = 7BDFABD01E98B13E006D2992 /* Products */;
			projectDirPath = "";
			projectRoot = "";
			targets = (
				7BDFABCE1E98B13E006D2992 /* 0408SOPTWork */,
			);
		};
/* End PBXProject section */

/* Begin PBXResourcesBuildPhase section */
		7BDFABCD1E98B13E006D2992 /* Resources */ = {
			isa = PBXResourcesBuildPhase;
			buildActionMask = 2147483647;
			files = (
				7BDFABDD1E98B13E006D2992 /* LaunchScreen.storyboard in Resources */,
				7BDFABDA1E98B13E006D2992 /* Assets.xcassets in Resources */,
				7BDFABD81E98B13E006D2992 /* Main.storyboard in Resources */,
			);
			runOnlyForDeploymentPostprocessing = 0;
		};
/* End PBXResourcesBuildPhase section */

/* Begin PBXSourcesBuildPhase section */
		7BDFABCB1E98B13E006D2992 /* Sources */ = {
			isa = PBXSourcesBuildPhase;
			buildActionMask = 2147483647;
			files = (
				7B9706E71EBB25B600730D3B /* RegistedTableViewCell.swift in Sources */,
				7B1235361EA797C00085C0C1 /* SearchVC.swift in Sources */,
				7BDFABD51E98B13E006D2992 /* ViewController.swift in Sources */,
				7B9706E41EBB1E7A00730D3B /* PersonDataModel.swift in Sources */,
				7B9706E91EBC5C6600730D3B /* InfoVC.swift in Sources */,
				7BDFABD31E98B13E006D2992 /* AppDelegate.swift in Sources */,
				7BDFABE51E98C601006D2992 /* VC.swift in Sources */,
				7BA1011F1EB9BFF700DD831C /* RegisterVC.swift in Sources */,
				7BDFABE71E98CB4F006D2992 /* VC2.swift in Sources */,
				7B1BBB9F1E9E118900AB5817 /* Utility.swift in Sources */,
			);
			runOnlyForDeploymentPostprocessing = 0;
		};
/* End PBXSourcesBuildPhase section */

/* Begin PBXVariantGroup section */
		7BDFABD61E98B13E006D2992 /* Main.storyboard */ = {
			isa = PBXVariantGroup;
			children = (
				7BDFABD71E98B13E006D2992 /* Base */,
			);
			name = Main.storyboard;
			sourceTree = "<group>";
		};
		7BDFABDB1E98B13E006D2992 /* LaunchScreen.storyboard */ = {
			isa = PBXVariantGroup;
			children = (
				7BDFABDC1E98B13E006D2992 /* Base */,
			);
			name = LaunchScreen.storyboard;
			sourceTree = "<group>";
		};
/* End PBXVariantGroup section */

/* Begin XCBuildConfiguration section */
		7BDFABDF1E98B13E006D2992 /* Debug */ = {
			isa = XCBuildConfiguration;
			buildSettings = {
				ALWAYS_SEARCH_USER_PATHS = NO;
				CLANG_ANALYZER_NONNULL = YES;
				CLANG_CXX_LANGUAGE_STANDARD = "gnu++0x";
				CLANG_CXX_LIBRARY = "libc++";
				CLANG_ENABLE_MODULES = YES;
				CLANG_ENABLE_OBJC_ARC = YES;
				CLANG_WARN_BOOL_CONVERSION = YES;
				CLANG_WARN_CONSTANT_CONVERSION = YES;
				CLANG_WARN_DIRECT_OBJC_ISA_USAGE = YES_ERROR;
				CLANG_WARN_DOCUMENTATION_COMMENTS = YES;
				CLANG_WARN_EMPTY_BODY = YES;
				CLANG_WARN_ENUM_CONVERSION = YES;
				CLANG_WARN_INFINITE_RECURSION = YES;
				CLANG_WARN_INT_CONVERSION = YES;
				CLANG_WARN_OBJC_ROOT_CLASS = YES_ERROR;
				CLANG_WARN_SUSPICIOUS_MOVE = YES;
				CLANG_WARN_UNREACHABLE_CODE = YES;
				CLANG_WARN__DUPLICATE_METHOD_MATCH = YES;
				"CODE_SIGN_IDENTITY[sdk=iphoneos*]" = "iPhone Developer";
				COPY_PHASE_STRIP = NO;
				DEBUG_INFORMATION_FORMAT = dwarf;
				ENABLE_STRICT_OBJC_MSGSEND = YES;
				ENABLE_TESTABILITY = YES;
				GCC_C_LANGUAGE_STANDARD = gnu99;
				GCC_DYNAMIC_NO_PIC = NO;
				GCC_INCREASE_PRECOMPILED_HEADER_SHARING = YES;
				GCC_NO_COMMON_BLOCKS = YES;
				GCC_OPTIMIZATION_LEVEL = 0;
				GCC_PRECOMPILE_PREFIX_HEADER = YES;
				GCC_PREFIX_HEADER = "$(SRCROOT)/$(PRODUCT_NAME)/PrefixHeader.pch";
				GCC_PREPROCESSOR_DEFINITIONS = (
					"DEBUG=1",
					"$(inherited)",
				);
				GCC_WARN_64_TO_32_BIT_CONVERSION = YES;
				GCC_WARN_ABOUT_RETURN_TYPE = YES_ERROR;
				GCC_WARN_UNDECLARED_SELECTOR = YES;
				GCC_WARN_UNINITIALIZED_AUTOS = YES_AGGRESSIVE;
				GCC_WARN_UNUSED_FUNCTION = YES;
				GCC_WARN_UNUSED_VARIABLE = YES;
				IPHONEOS_DEPLOYMENT_TARGET = 10.2;
				MTL_ENABLE_DEBUG_INFO = YES;
				ONLY_ACTIVE_ARCH = YES;
				SDKROOT = iphoneos;
				SHARED_PRECOMPS_DIR = "$(SRCROOT)/$(PRODUCT_NAME)/PrefixHeader.pch";
				SWIFT_ACTIVE_COMPILATION_CONDITIONS = DEBUG;
				SWIFT_OPTIMIZATION_LEVEL = "-Onone";
			};
			name = Debug;
		};
		7BDFABE01E98B13E006D2992 /* Release */ = {
			isa = XCBuildConfiguration;
			buildSettings = {
				ALWAYS_SEARCH_USER_PATHS = NO;
				CLANG_ANALYZER_NONNULL = YES;
				CLANG_CXX_LANGUAGE_STANDARD = "gnu++0x";
				CLANG_CXX_LIBRARY = "libc++";
				CLANG_ENABLE_MODULES = YES;
				CLANG_ENABLE_OBJC_ARC = YES;
				CLANG_WARN_BOOL_CONVERSION = YES;
				CLANG_WARN_CONSTANT_CONVERSION = YES;
				CLANG_WARN_DIRECT_OBJC_ISA_USAGE = YES_ERROR;
				CLANG_WARN_DOCUMENTATION_COMMENTS = YES;
				CLANG_WARN_EMPTY_BODY = YES;
				CLANG_WARN_ENUM_CONVERSION = YES;
				CLANG_WARN_INFINITE_RECURSION = YES;
				CLANG_WARN_INT_CONVERSION = YES;
				CLANG_WARN_OBJC_ROOT_CLASS = YES_ERROR;
				CLANG_WARN_SUSPICIOUS_MOVE = YES;
				CLANG_WARN_UNREACHABLE_CODE = YES;
				CLANG_WARN__DUPLICATE_METHOD_MATCH = YES;
				"CODE_SIGN_IDENTITY[sdk=iphoneos*]" = "iPhone Developer";
				COPY_PHASE_STRIP = NO;
				DEBUG_INFORMATION_FORMAT = "dwarf-with-dsym";
				ENABLE_NS_ASSERTIONS = NO;
				ENABLE_STRICT_OBJC_MSGSEND = YES;
				GCC_C_LANGUAGE_STANDARD = gnu99;
				GCC_INCREASE_PRECOMPILED_HEADER_SHARING = YES;
				GCC_NO_COMMON_BLOCKS = YES;
				GCC_PRECOMPILE_PREFIX_HEADER = YES;
				GCC_PREFIX_HEADER = "$(SRCROOT)/$(PRODUCT_NAME)/PrefixHeader.pch";
				GCC_WARN_64_TO_32_BIT_CONVERSION = YES;
				GCC_WARN_ABOUT_RETURN_TYPE = YES_ERROR;
				GCC_WARN_UNDECLARED_SELECTOR = YES;
				GCC_WARN_UNINITIALIZED_AUTOS = YES_AGGRESSIVE;
				GCC_WARN_UNUSED_FUNCTION = YES;
				GCC_WARN_UNUSED_VARIABLE = YES;
				IPHONEOS_DEPLOYMENT_TARGET = 10.2;
				MTL_ENABLE_DEBUG_INFO = NO;
				SDKROOT = iphoneos;
				SHARED_PRECOMPS_DIR = "$(SRCROOT)/$(PRODUCT_NAME)/PrefixHeader.pch";
				SWIFT_OPTIMIZATION_LEVEL = "-Owholemodule";
				VALIDATE_PRODUCT = YES;
			};
			name = Release;
		};
		7BDFABE21E98B13E006D2992 /* Debug */ = {
			isa = XCBuildConfiguration;
			buildSettings = {
				ASSETCATALOG_COMPILER_APPICON_NAME = AppIcon;
				INFOPLIST_FILE = 0408SOPTWork/Info.plist;
				LD_RUNPATH_SEARCH_PATHS = "$(inherited) @executable_path/Frameworks";
				PRODUCT_BUNDLE_IDENTIFIER = "com.swiftExample.-408SOPTWork";
				PRODUCT_NAME = "$(TARGET_NAME)";
				SWIFT_VERSION = 3.0;
			};
			name = Debug;
		};
		7BDFABE31E98B13E006D2992 /* Release */ = {
			isa = XCBuildConfiguration;
			buildSettings = {
				ASSETCATALOG_COMPILER_APPICON_NAME = AppIcon;
				INFOPLIST_FILE = 0408SOPTWork/Info.plist;
				LD_RUNPATH_SEARCH_PATHS = "$(inherited) @executable_path/Frameworks";
				PRODUCT_BUNDLE_IDENTIFIER = "com.swiftExample.-408SOPTWork";
				PRODUCT_NAME = "$(TARGET_NAME)";
				SWIFT_VERSION = 3.0;
			};
			name = Release;
		};
/* End XCBuildConfiguration section */

/* Begin XCConfigurationList section */
		7BDFABCA1E98B13E006D2992 /* Build configuration list for PBXProject "0408SOPTWork" */ = {
			isa = XCConfigurationList;
			buildConfigurations = (
				7BDFABDF1E98B13E006D2992 /* Debug */,
				7BDFABE01E98B13E006D2992 /* Release */,
			);
			defaultConfigurationIsVisible = 0;
			defaultConfigurationName = Release;
		};
		7BDFABE11E98B13E006D2992 /* Build configuration list for PBXNativeTarget "0408SOPTWork" */ = {
			isa = XCConfigurationList;
			buildConfigurations = (
				7BDFABE21E98B13E006D2992 /* Debug */,
				7BDFABE31E98B13E006D2992 /* Release */,
			);
			defaultConfigurationIsVisible = 0;
			defaultConfigurationName = Release;
		};
/* End XCConfigurationList section */
	};
	rootObject = 7BDFABC71E98B13E006D2992 /* Project object */;
}
